
Microsoft Visual Studio Solution File, Format Version 12.00
# Visual Studio Version 16
VisualStudioVersion = 16.0.30717.126
MinimumVisualStudioVersion = 10.0.40219.1
Project("{FAE04EC0-301F-11D3-BF4B-00C04F79EFBC}") = "OdeToFood", "OdeToFood\OdeToFood.csproj", "{A9DB2861-AD31-4313-BF1A-DC6D05D2237B}"
EndProject
Project("{FAE04EC0-301F-11D3-BF4B-00C04F79EFBC}") = "OdeToFood.Core", "OdeToFood.Core\OdeToFood.Core.csproj", "{DCF12B06-2A02-4C3E-A23A-ABF9B8EA09DC}"
EndProject
Project("{FAE04EC0-301F-11D3-BF4B-00C04F79EFBC}") = "OdeToFood.Data", "OdeToFood.Data\OdeToFood.Data.csproj", "{F6B85B42-F560-42E2-95D4-92C39D6AD924}"
EndProject
Global
	GlobalSection(SolutionConfigurationPlatforms) = preSolution
		Debug|Any CPU = Debug|Any CPU
		Release|Any CPU = Release|Any CPU
	EndGlobalSection
	GlobalSection(ProjectConfigurationPlatforms) = postSolution
		{A9DB2861-AD31-4313-BF1A-DC6D05D2237B}.Debug|Any CPU.ActiveCfg = Debug|Any CPU
		{A9DB2861-AD31-4313-BF1A-DC6D05D2237B}.Debug|Any CPU.Build.0 = Debug|Any CPU
		{A9DB2861-AD31-4313-BF1A-DC6D05D2237B}.Release|Any CPU.ActiveCfg = Release|Any CPU
		{A9DB2861-AD31-4313-BF1A-DC6D05D2237B}.Release|Any CPU.Build.0 = Release|Any CPU
		{DCF12B06-2A02-4C3E-A23A-ABF9B8EA09DC}.Debug|Any CPU.ActiveCfg = Debug|Any CPU
		{DCF12B06-2A02-4C3E-A23A-ABF9B8EA09DC}.Debug|Any CPU.Build.0 = Debug|Any CPU
		{DCF12B06-2A02-4C3E-A23A-ABF9B8EA09DC}.Release|Any CPU.ActiveCfg = Release|Any CPU
		{DCF12B06-2A02-4C3E-A23A-ABF9B8EA09DC}.Release|Any CPU.Build.0 = Release|Any CPU
		{F6B85B42-F560-42E2-95D4-92C39D6AD924}.Debug|Any CPU.ActiveCfg = Debug|Any CPU
		{F6B85B42-F560-42E2-95D4-92C39D6AD924}.Debug|Any CPU.Build.0 = Debug|Any CPU
		{F6B85B42-F560-42E2-95D4-92C39D6AD924}.Release|Any CPU.ActiveCfg = Release|Any CPU
		{F6B85B42-F560-42E2-95D4-92C39D6AD924}.Release|Any CPU.Build.0 = Release|Any CPU
	EndGlobalSection
	GlobalSection(SolutionProperties) = preSolution
		HideSolutionNode = FALSE
	EndGlobalSection
	GlobalSection(ExtensibilityGlobals) = postSolution
		SolutionGuid = {A3D860A6-BF2B-4F16-AAE9-C160A910DF53}
	EndGlobalSection
EndGlobal
